
Microsoft Visual Studio Solution File, Format Version 12.00
# Visual Studio Version 17
VisualStudioVersion = 17.3.32825.248
MinimumVisualStudioVersion = 10.0.40219.1
Project("{9A19103F-16F7-4668-BE54-9A1E7A4F7556}") = "ECommerce", "ECommerce\ECommerce.csproj", "{0C53F918-3B30-4AEC-9200-E93902327DB0}"
EndProject
Project("{9A19103F-16F7-4668-BE54-9A1E7A4F7556}") = "ECommerceModels", "ECommerceModels\ECommerceModels.csproj", "{AA0105B1-6609-4307-AF3D-F9821602FB86}"
EndProject
Global
	GlobalSection(SolutionConfigurationPlatforms) = preSolution
		Debug|Any CPU = Debug|Any CPU
		Release|Any CPU = Release|Any CPU
	EndGlobalSection
	GlobalSection(ProjectConfigurationPlatforms) = postSolution
		{0C53F918-3B30-4AEC-9200-E93902327DB0}.Debug|Any CPU.ActiveCfg = Debug|Any CPU
		{0C53F918-3B30-4AEC-9200-E93902327DB0}.Debug|Any CPU.Build.0 = Debug|Any CPU
		{0C53F918-3B30-4AEC-9200-E93902327DB0}.Release|Any CPU.ActiveCfg = Release|Any CPU
		{0C53F918-3B30-4AEC-9200-E93902327DB0}.Release|Any CPU.Build.0 = Release|Any CPU
		{AA0105B1-6609-4307-AF3D-F9821602FB86}.Debug|Any CPU.ActiveCfg = Debug|Any CPU
		{AA0105B1-6609-4307-AF3D-F9821602FB86}.Debug|Any CPU.Build.0 = Debug|Any CPU
		{AA0105B1-6609-4307-AF3D-F9821602FB86}.Release|Any CPU.ActiveCfg = Release|Any CPU
		{AA0105B1-6609-4307-AF3D-F9821602FB86}.Release|Any CPU.Build.0 = Release|Any CPU
	EndGlobalSection
	GlobalSection(SolutionProperties) = preSolution
		HideSolutionNode = FALSE
	EndGlobalSection
	GlobalSection(ExtensibilityGlobals) = postSolution
		SolutionGuid = {A012D733-88DA-49D9-88E3-8B654CCA1E47}
	EndGlobalSection
EndGlobal
